
Microsoft Visual Studio Solution File, Format Version 12.00
# Visual Studio 14
VisualStudioVersion = 14.0.25420.1
MinimumVisualStudioVersion = 10.0.40219.1
Project("{FAE04EC0-301F-11D3-BF4B-00C04F79EFBC}") = "01进程", "01进程\01进程.csproj", "{0266D55A-6F1C-434D-96A1-0A83CF182B1F}"
EndProject
Project("{FAE04EC0-301F-11D3-BF4B-00C04F79EFBC}") = "o2打开文件练习", "o2打开文件练习\o2打开文件练习.csproj", "{518E1533-3E7F-44E3-B1A2-C68F11B44328}"
EndProject
Project("{FAE04EC0-301F-11D3-BF4B-00C04F79EFBC}") = "03面向对象复习", "03面向对象复习\03面向对象复习.csproj", "{8FB5D71C-EF00-4660-8BF3-7DA5A66D4D18}"
EndProject
Project("{FAE04EC0-301F-11D3-BF4B-00C04F79EFBC}") = "04三个关键字", "04三个关键字\04三个关键字.csproj", "{F5CE7E98-5C09-48A2-99E0-AC1316F42196}"
EndProject
Project("{FAE04EC0-301F-11D3-BF4B-00C04F79EFBC}") = "05动物类继承", "05动物类继承\05动物类继承.csproj", "{5EEEA00B-4B63-4CA1-A331-CE604675E6B6}"
EndProject
Project("{FAE04EC0-301F-11D3-BF4B-00C04F79EFBC}") = "06里氏转换", "06里氏转换\06里氏转换.csproj", "{B87E9C67-7E51-46D7-B120-A070F4D56368}"
EndProject
Project("{FAE04EC0-301F-11D3-BF4B-00C04F79EFBC}") = "07虚方法", "07虚方法\07虚方法.csproj", "{3C5433D2-5261-40B9-BD43-E191A7950E1F}"
EndProject
Project("{FAE04EC0-301F-11D3-BF4B-00C04F79EFBC}") = "08抽象类", "08抽象类\08抽象类.csproj", "{6438B23D-AFE3-4B5F-9D9B-179DEB793814}"
EndProject
Project("{FAE04EC0-301F-11D3-BF4B-00C04F79EFBC}") = "09抽象类特点", "09抽象类特点\09抽象类特点.csproj", "{207EACC2-F1CE-4FF0-87B8-B97ADB4A4E10}"
EndProject
Project("{FAE04EC0-301F-11D3-BF4B-00C04F79EFBC}") = "10移动设备练习", "10移动设备练习\10移动设备练习.csproj", "{6A474582-E04A-418F-AEC5-106C5BF34E18}"
EndProject
Project("{FAE04EC0-301F-11D3-BF4B-00C04F79EFBC}") = "11接口的使用", "11接口的使用\11接口的使用.csproj", "{14E7BB69-735D-4CC6-B974-E8D781227668}"
EndProject
Project("{FAE04EC0-301F-11D3-BF4B-00C04F79EFBC}") = "12接口案例", "12接口案例\12接口案例.csproj", "{FB3027D4-C2CC-4A08-9402-AF950BF62844}"
EndProject
Project("{FAE04EC0-301F-11D3-BF4B-00C04F79EFBC}") = "显示接口案例", "显示接口案例\显示接口案例.csproj", "{35F0A986-5FBE-42AA-8980-5D59CA9E19E3}"
EndProject
Project("{FAE04EC0-301F-11D3-BF4B-00C04F79EFBC}") = "14抽象类实现接口", "14抽象类实现接口\14抽象类实现接口.csproj", "{75173D4E-CE51-4DE7-B7BC-D7B0B17C609E}"
EndProject
Project("{FAE04EC0-301F-11D3-BF4B-00C04F79EFBC}") = "15接口登记案例", "15接口登记案例\15接口登记案例.csproj", "{5BD2E4C3-5C1C-4EFA-9CE0-6DECB45CCF21}"
EndProject
Project("{FAE04EC0-301F-11D3-BF4B-00C04F79EFBC}") = "16剪刀石头布", "16剪刀石头布\16剪刀石头布.csproj", "{327BB76C-503D-4507-B515-085CA54E605C}"
EndProject
Project("{FAE04EC0-301F-11D3-BF4B-00C04F79EFBC}") = "17索引器的使用", "17索引器的使用\17索引器的使用.csproj", "{3DE99098-DB59-40E0-99B6-FED4D9FBED7E}"
EndProject
Project("{FAE04EC0-301F-11D3-BF4B-00C04F79EFBC}") = "18访问修饰符", "18访问修饰符\18访问修饰符.csproj", "{C174A30F-0AE1-4063-9A86-3832E69E9794}"
EndProject
Global
	GlobalSection(SolutionConfigurationPlatforms) = preSolution
		Debug|Any CPU = Debug|Any CPU
		Release|Any CPU = Release|Any CPU
	EndGlobalSection
	GlobalSection(ProjectConfigurationPlatforms) = postSolution
		{0266D55A-6F1C-434D-96A1-0A83CF182B1F}.Debug|Any CPU.ActiveCfg = Debug|Any CPU
		{0266D55A-6F1C-434D-96A1-0A83CF182B1F}.Debug|Any CPU.Build.0 = Debug|Any CPU
		{0266D55A-6F1C-434D-96A1-0A83CF182B1F}.Release|Any CPU.ActiveCfg = Release|Any CPU
		{0266D55A-6F1C-434D-96A1-0A83CF182B1F}.Release|Any CPU.Build.0 = Release|Any CPU
		{518E1533-3E7F-44E3-B1A2-C68F11B44328}.Debug|Any CPU.ActiveCfg = Debug|Any CPU
		{518E1533-3E7F-44E3-B1A2-C68F11B44328}.Debug|Any CPU.Build.0 = Debug|Any CPU
		{518E1533-3E7F-44E3-B1A2-C68F11B44328}.Release|Any CPU.ActiveCfg = Release|Any CPU
		{518E1533-3E7F-44E3-B1A2-C68F11B44328}.Release|Any CPU.Build.0 = Release|Any CPU
		{8FB5D71C-EF00-4660-8BF3-7DA5A66D4D18}.Debug|Any CPU.ActiveCfg = Debug|Any CPU
		{8FB5D71C-EF00-4660-8BF3-7DA5A66D4D18}.Debug|Any CPU.Build.0 = Debug|Any CPU
		{8FB5D71C-EF00-4660-8BF3-7DA5A66D4D18}.Release|Any CPU.ActiveCfg = Release|Any CPU
		{8FB5D71C-EF00-4660-8BF3-7DA5A66D4D18}.Release|Any CPU.Build.0 = Release|Any CPU
		{F5CE7E98-5C09-48A2-99E0-AC1316F42196}.Debug|Any CPU.ActiveCfg = Debug|Any CPU
		{F5CE7E98-5C09-48A2-99E0-AC1316F42196}.Debug|Any CPU.Build.0 = Debug|Any CPU
		{F5CE7E98-5C09-48A2-99E0-AC1316F42196}.Release|Any CPU.ActiveCfg = Release|Any CPU
		{F5CE7E98-5C09-48A2-99E0-AC1316F42196}.Release|Any CPU.Build.0 = Release|Any CPU
		{5EEEA00B-4B63-4CA1-A331-CE604675E6B6}.Debug|Any CPU.ActiveCfg = Debug|Any CPU
		{5EEEA00B-4B63-4CA1-A331-CE604675E6B6}.Debug|Any CPU.Build.0 = Debug|Any CPU
		{5EEEA00B-4B63-4CA1-A331-CE604675E6B6}.Release|Any CPU.ActiveCfg = Release|Any CPU
		{5EEEA00B-4B63-4CA1-A331-CE604675E6B6}.Release|Any CPU.Build.0 = Release|Any CPU
		{B87E9C67-7E51-46D7-B120-A070F4D56368}.Debug|Any CPU.ActiveCfg = Debug|Any CPU
		{B87E9C67-7E51-46D7-B120-A070F4D56368}.Debug|Any CPU.Build.0 = Debug|Any CPU
		{B87E9C67-7E51-46D7-B120-A070F4D56368}.Release|Any CPU.ActiveCfg = Release|Any CPU
		{B87E9C67-7E51-46D7-B120-A070F4D56368}.Release|Any CPU.Build.0 = Release|Any CPU
		{3C5433D2-5261-40B9-BD43-E191A7950E1F}.Debug|Any CPU.ActiveCfg = Debug|Any CPU
		{3C5433D2-5261-40B9-BD43-E191A7950E1F}.Debug|Any CPU.Build.0 = Debug|Any CPU
		{3C5433D2-5261-40B9-BD43-E191A7950E1F}.Release|Any CPU.ActiveCfg = Release|Any CPU
		{3C5433D2-5261-40B9-BD43-E191A7950E1F}.Release|Any CPU.Build.0 = Release|Any CPU
		{6438B23D-AFE3-4B5F-9D9B-179DEB793814}.Debug|Any CPU.ActiveCfg = Debug|Any CPU
		{6438B23D-AFE3-4B5F-9D9B-179DEB793814}.Debug|Any CPU.Build.0 = Debug|Any CPU
		{6438B23D-AFE3-4B5F-9D9B-179DEB793814}.Release|Any CPU.ActiveCfg = Release|Any CPU
		{6438B23D-AFE3-4B5F-9D9B-179DEB793814}.Release|Any CPU.Build.0 = Release|Any CPU
		{207EACC2-F1CE-4FF0-87B8-B97ADB4A4E10}.Debug|Any CPU.ActiveCfg = Debug|Any CPU
		{207EACC2-F1CE-4FF0-87B8-B97ADB4A4E10}.Debug|Any CPU.Build.0 = Debug|Any CPU
		{207EACC2-F1CE-4FF0-87B8-B97ADB4A4E10}.Release|Any CPU.ActiveCfg = Release|Any CPU
		{207EACC2-F1CE-4FF0-87B8-B97ADB4A4E10}.Release|Any CPU.Build.0 = Release|Any CPU
		{6A474582-E04A-418F-AEC5-106C5BF34E18}.Debug|Any CPU.ActiveCfg = Debug|Any CPU
		{6A474582-E04A-418F-AEC5-106C5BF34E18}.Debug|Any CPU.Build.0 = Debug|Any CPU
		{6A474582-E04A-418F-AEC5-106C5BF34E18}.Release|Any CPU.ActiveCfg = Release|Any CPU
		{6A474582-E04A-418F-AEC5-106C5BF34E18}.Release|Any CPU.Build.0 = Release|Any CPU
		{14E7BB69-735D-4CC6-B974-E8D781227668}.Debug|Any CPU.ActiveCfg = Debug|Any CPU
		{14E7BB69-735D-4CC6-B974-E8D781227668}.Debug|Any CPU.Build.0 = Debug|Any CPU
		{14E7BB69-735D-4CC6-B974-E8D781227668}.Release|Any CPU.ActiveCfg = Release|Any CPU
		{14E7BB69-735D-4CC6-B974-E8D781227668}.Release|Any CPU.Build.0 = Release|Any CPU
		{FB3027D4-C2CC-4A08-9402-AF950BF62844}.Debug|Any CPU.ActiveCfg = Debug|Any CPU
		{FB3027D4-C2CC-4A08-9402-AF950BF62844}.Debug|Any CPU.Build.0 = Debug|Any CPU
		{FB3027D4-C2CC-4A08-9402-AF950BF62844}.Release|Any CPU.ActiveCfg = Release|Any CPU
		{FB3027D4-C2CC-4A08-9402-AF950BF62844}.Release|Any CPU.Build.0 = Release|Any CPU
		{35F0A986-5FBE-42AA-8980-5D59CA9E19E3}.Debug|Any CPU.ActiveCfg = Debug|Any CPU
		{35F0A986-5FBE-42AA-8980-5D59CA9E19E3}.Debug|Any CPU.Build.0 = Debug|Any CPU
		{35F0A986-5FBE-42AA-8980-5D59CA9E19E3}.Release|Any CPU.ActiveCfg = Release|Any CPU
		{35F0A986-5FBE-42AA-8980-5D59CA9E19E3}.Release|Any CPU.Build.0 = Release|Any CPU
		{75173D4E-CE51-4DE7-B7BC-D7B0B17C609E}.Debug|Any CPU.ActiveCfg = Debug|Any CPU
		{75173D4E-CE51-4DE7-B7BC-D7B0B17C609E}.Debug|Any CPU.Build.0 = Debug|Any CPU
		{75173D4E-CE51-4DE7-B7BC-D7B0B17C609E}.Release|Any CPU.ActiveCfg = Release|Any CPU
		{75173D4E-CE51-4DE7-B7BC-D7B0B17C609E}.Release|Any CPU.Build.0 = Release|Any CPU
		{5BD2E4C3-5C1C-4EFA-9CE0-6DECB45CCF21}.Debug|Any CPU.ActiveCfg = Debug|Any CPU
		{5BD2E4C3-5C1C-4EFA-9CE0-6DECB45CCF21}.Debug|Any CPU.Build.0 = Debug|Any CPU
		{5BD2E4C3-5C1C-4EFA-9CE0-6DECB45CCF21}.Release|Any CPU.ActiveCfg = Release|Any CPU
		{5BD2E4C3-5C1C-4EFA-9CE0-6DECB45CCF21}.Release|Any CPU.Build.0 = Release|Any CPU
		{327BB76C-503D-4507-B515-085CA54E605C}.Debug|Any CPU.ActiveCfg = Debug|Any CPU
		{327BB76C-503D-4507-B515-085CA54E605C}.Debug|Any CPU.Build.0 = Debug|Any CPU
		{327BB76C-503D-4507-B515-085CA54E605C}.Release|Any CPU.ActiveCfg = Release|Any CPU
		{327BB76C-503D-4507-B515-085CA54E605C}.Release|Any CPU.Build.0 = Release|Any CPU
		{3DE99098-DB59-40E0-99B6-FED4D9FBED7E}.Debug|Any CPU.ActiveCfg = Debug|Any CPU
		{3DE99098-DB59-40E0-99B6-FED4D9FBED7E}.Debug|Any CPU.Build.0 = Debug|Any CPU
		{3DE99098-DB59-40E0-99B6-FED4D9FBED7E}.Release|Any CPU.ActiveCfg = Release|Any CPU
		{3DE99098-DB59-40E0-99B6-FED4D9FBED7E}.Release|Any CPU.Build.0 = Release|Any CPU
		{C174A30F-0AE1-4063-9A86-3832E69E9794}.Debug|Any CPU.ActiveCfg = Debug|Any CPU
		{C174A30F-0AE1-4063-9A86-3832E69E9794}.Debug|Any CPU.Build.0 = Debug|Any CPU
		{C174A30F-0AE1-4063-9A86-3832E69E9794}.Release|Any CPU.ActiveCfg = Release|Any CPU
		{C174A30F-0AE1-4063-9A86-3832E69E9794}.Release|Any CPU.Build.0 = Release|Any CPU
	EndGlobalSection
	GlobalSection(SolutionProperties) = preSolution
		HideSolutionNode = FALSE
	EndGlobalSection
EndGlobal
