
Microsoft Visual Studio Solution File, Format Version 12.00
# Visual Studio 15
VisualStudioVersion = 15.0.28307.329
MinimumVisualStudioVersion = 10.0.40219.1
Project("{FAE04EC0-301F-11D3-BF4B-00C04F79EFBC}") = "RentHouse", "RentHouse\RentHouse.csproj", "{26BB0509-2CBE-467B-935B-757F43AC02E3}"
EndProject
Project("{FAE04EC0-301F-11D3-BF4B-00C04F79EFBC}") = "RentHouse.Tests", "RentHouse.Tests\RentHouse.Tests.csproj", "{9B689932-B15F-4FBF-A2CA-A2E46BFF5E8B}"
EndProject
Project("{FAE04EC0-301F-11D3-BF4B-00C04F79EFBC}") = "RentHouse.Services", "RentHouse.Services\RentHouse.Services.csproj", "{3B57B50E-12E4-4A0C-9995-93B952DBC41C}"
EndProject
Project("{FAE04EC0-301F-11D3-BF4B-00C04F79EFBC}") = "RentHouse.AdminWeb", "RentHouse.AdminWeb\RentHouse.AdminWeb.csproj", "{679D4F28-548E-4C2F-8DDA-9049F7764CF2}"
EndProject
Global
	GlobalSection(SolutionConfigurationPlatforms) = preSolution
		Debug|Any CPU = Debug|Any CPU
		Release|Any CPU = Release|Any CPU
	EndGlobalSection
	GlobalSection(ProjectConfigurationPlatforms) = postSolution
		{26BB0509-2CBE-467B-935B-757F43AC02E3}.Debug|Any CPU.ActiveCfg = Debug|Any CPU
		{26BB0509-2CBE-467B-935B-757F43AC02E3}.Debug|Any CPU.Build.0 = Debug|Any CPU
		{26BB0509-2CBE-467B-935B-757F43AC02E3}.Release|Any CPU.ActiveCfg = Release|Any CPU
		{26BB0509-2CBE-467B-935B-757F43AC02E3}.Release|Any CPU.Build.0 = Release|Any CPU
		{9B689932-B15F-4FBF-A2CA-A2E46BFF5E8B}.Debug|Any CPU.ActiveCfg = Debug|Any CPU
		{9B689932-B15F-4FBF-A2CA-A2E46BFF5E8B}.Debug|Any CPU.Build.0 = Debug|Any CPU
		{9B689932-B15F-4FBF-A2CA-A2E46BFF5E8B}.Release|Any CPU.ActiveCfg = Release|Any CPU
		{9B689932-B15F-4FBF-A2CA-A2E46BFF5E8B}.Release|Any CPU.Build.0 = Release|Any CPU
		{3B57B50E-12E4-4A0C-9995-93B952DBC41C}.Debug|Any CPU.ActiveCfg = Debug|Any CPU
		{3B57B50E-12E4-4A0C-9995-93B952DBC41C}.Debug|Any CPU.Build.0 = Debug|Any CPU
		{3B57B50E-12E4-4A0C-9995-93B952DBC41C}.Release|Any CPU.ActiveCfg = Release|Any CPU
		{3B57B50E-12E4-4A0C-9995-93B952DBC41C}.Release|Any CPU.Build.0 = Release|Any CPU
		{679D4F28-548E-4C2F-8DDA-9049F7764CF2}.Debug|Any CPU.ActiveCfg = Debug|Any CPU
		{679D4F28-548E-4C2F-8DDA-9049F7764CF2}.Debug|Any CPU.Build.0 = Debug|Any CPU
		{679D4F28-548E-4C2F-8DDA-9049F7764CF2}.Release|Any CPU.ActiveCfg = Release|Any CPU
		{679D4F28-548E-4C2F-8DDA-9049F7764CF2}.Release|Any CPU.Build.0 = Release|Any CPU
	EndGlobalSection
	GlobalSection(SolutionProperties) = preSolution
		HideSolutionNode = FALSE
	EndGlobalSection
	GlobalSection(ExtensibilityGlobals) = postSolution
		SolutionGuid = {CF2BD2BE-B9DD-419A-AE4B-CC7EB061D5E1}
	EndGlobalSection
EndGlobal
