
Microsoft Visual Studio Solution File, Format Version 12.00
# Visual Studio Version 16
VisualStudioVersion = 16.0.29911.84
MinimumVisualStudioVersion = 10.0.40219.1
Project("{9A19103F-16F7-4668-BE54-9A1E7A4F7556}") = "20190212learn1", "20190212learn1\20190212learn1.csproj", "{2FA32382-CE74-4C64-B918-7F682C85535A}"
EndProject
Project("{FAE04EC0-301F-11D3-BF4B-00C04F79EFBC}") = "ConsoleApp1", "ConsoleApp1\ConsoleApp1.csproj", "{458D707E-56CC-40EB-AC82-AF6D3E003C18}"
EndProject
Project("{FAE04EC0-301F-11D3-BF4B-00C04F79EFBC}") = "310匿名方法等", "310匿名方法等\310匿名方法等.csproj", "{2804CFA5-CB0D-4181-91DF-61F42D199363}"
EndProject
Project("{FAE04EC0-301F-11D3-BF4B-00C04F79EFBC}") = "310扩展方法", "310扩展方法\310扩展方法.csproj", "{2923DE1E-3624-42B4-BC39-8187427C6936}"
EndProject
Project("{FAE04EC0-301F-11D3-BF4B-00C04F79EFBC}") = "311多线程", "311多线程\311多线程.csproj", "{0F2D5421-E9A0-46FF-89D7-29919EBA5564}"
EndProject
Project("{FAE04EC0-301F-11D3-BF4B-00C04F79EFBC}") = "312异步模式", "312异步模式\312异步模式.csproj", "{87C58F79-00A7-453C-AB51-3BCF9AF187FC}"
EndProject
Project("{FAE04EC0-301F-11D3-BF4B-00C04F79EFBC}") = "312线程同步", "312线程同步\312线程同步.csproj", "{E43B7867-B70F-4B27-A0ED-A3F6DF9F9829}"
EndProject
Project("{FAE04EC0-301F-11D3-BF4B-00C04F79EFBC}") = "string", "string\string.csproj", "{93DE2231-CCD5-48CF-B598-FDE1A71EA32C}"
EndProject
Project("{FAE04EC0-301F-11D3-BF4B-00C04F79EFBC}") = "存储过程实现转账", "存储过程实现转账\存储过程实现转账.csproj", "{06103380-6A49-4B8C-8947-4051E1EFD9A0}"
EndProject
Project("{FAE04EC0-301F-11D3-BF4B-00C04F79EFBC}") = "日记demo", "日记demo\日记demo.csproj", "{AA7CD5EE-922E-43E5-A65A-6553E2984F11}"
EndProject
Project("{FAE04EC0-301F-11D3-BF4B-00C04F79EFBC}") = "资料管理器", "资料管理器\资料管理器.csproj", "{93A65A3E-C23D-445D-84B0-F30BF3C01D82}"
EndProject
Project("{FAE04EC0-301F-11D3-BF4B-00C04F79EFBC}") = "327practice", "327practice\327practice.csproj", "{D43D0E90-762E-462A-A87B-BF4F73FB3FF6}"
EndProject
Project("{FAE04EC0-301F-11D3-BF4B-00C04F79EFBC}") = "329面试题递归", "329面试题递归\329面试题递归.csproj", "{088F58B7-6865-45FA-91CE-E97F226E75B3}"
EndProject
Project("{FAE04EC0-301F-11D3-BF4B-00C04F79EFBC}") = "通过事件窗体间穿值", "通过事件窗体间穿值\通过事件窗体间穿值.csproj", "{9469751C-145D-4551-A97F-0E588503624A}"
EndProject
Project("{FAE04EC0-301F-11D3-BF4B-00C04F79EFBC}") = "自定义控件", "自定义控件\自定义控件.csproj", "{6A3B53C7-C3AA-4CF4-AE2B-8D64DDE502D2}"
EndProject
Project("{FAE04EC0-301F-11D3-BF4B-00C04F79EFBC}") = "20190411异步委托", "20190411异步委托\20190411异步委托.csproj", "{E1EAC93E-A441-4625-B538-65A992DB0A13}"
EndProject
Project("{FAE04EC0-301F-11D3-BF4B-00C04F79EFBC}") = "跨线程访问窗体", "跨线程访问窗体\跨线程访问窗体.csproj", "{F53F2AB4-CBFB-425D-ACC6-782F1352B092}"
EndProject
Project("{FAE04EC0-301F-11D3-BF4B-00C04F79EFBC}") = "Socket聊天室", "Socket聊天室\Socket聊天室.csproj", "{17952A0E-3D06-408D-9E8B-34B8727C933C}"
EndProject
Project("{FAE04EC0-301F-11D3-BF4B-00C04F79EFBC}") = "Socket聊天室客户端", "Socket聊天室客户端\Socket聊天室客户端.csproj", "{E196637C-78CB-4907-A32D-4131DC234F1C}"
EndProject
Project("{FAE04EC0-301F-11D3-BF4B-00C04F79EFBC}") = "414Linq", "414Linq\414Linq.csproj", "{70E4886C-BA9B-4A87-B0C0-8A929F1D28E6}"
EndProject
Project("{FAE04EC0-301F-11D3-BF4B-00C04F79EFBC}") = "419CSharp5.0中的异步", "419CSharp5.0中的异步\419CSharp5.0中的异步.csproj", "{70D5EB0A-A7A8-4166-9A00-F495655B9631}"
EndProject
Project("{FAE04EC0-301F-11D3-BF4B-00C04F79EFBC}") = "919算法", "919算法\919算法.csproj", "{212F0546-B952-4F10-AC9F-21230D467251}"
EndProject
Project("{9A19103F-16F7-4668-BE54-9A1E7A4F7556}") = "unZipPwd", "unZipPwd\unZipPwd.csproj", "{3C850E60-1940-43A0-9727-A95F4C8E02D4}"
EndProject
Project("{9A19103F-16F7-4668-BE54-9A1E7A4F7556}") = "outputfileinfo", "outputfileinfo\outputfileinfo.csproj", "{58BA103D-ED7F-4186-89DF-AA8EAE81CC2D}"
EndProject
Project("{9A19103F-16F7-4668-BE54-9A1E7A4F7556}") = "add", "add\add.csproj", "{D3082CC1-5E6D-4799-B6FB-89F35EBE9B24}"
EndProject
Project("{FAE04EC0-301F-11D3-BF4B-00C04F79EFBC}") = "ReNameAndClassify", "ReNameAndClassify\ReNameAndClassify.csproj", "{033015AC-D5AA-4E4D-A29E-91D943261A9C}"
EndProject
Global
	GlobalSection(SolutionConfigurationPlatforms) = preSolution
		Debug|Any CPU = Debug|Any CPU
		Release|Any CPU = Release|Any CPU
	EndGlobalSection
	GlobalSection(ProjectConfigurationPlatforms) = postSolution
		{2FA32382-CE74-4C64-B918-7F682C85535A}.Debug|Any CPU.ActiveCfg = Debug|Any CPU
		{2FA32382-CE74-4C64-B918-7F682C85535A}.Debug|Any CPU.Build.0 = Debug|Any CPU
		{2FA32382-CE74-4C64-B918-7F682C85535A}.Release|Any CPU.ActiveCfg = Release|Any CPU
		{2FA32382-CE74-4C64-B918-7F682C85535A}.Release|Any CPU.Build.0 = Release|Any CPU
		{458D707E-56CC-40EB-AC82-AF6D3E003C18}.Debug|Any CPU.ActiveCfg = Debug|Any CPU
		{458D707E-56CC-40EB-AC82-AF6D3E003C18}.Debug|Any CPU.Build.0 = Debug|Any CPU
		{458D707E-56CC-40EB-AC82-AF6D3E003C18}.Release|Any CPU.ActiveCfg = Release|Any CPU
		{458D707E-56CC-40EB-AC82-AF6D3E003C18}.Release|Any CPU.Build.0 = Release|Any CPU
		{2804CFA5-CB0D-4181-91DF-61F42D199363}.Debug|Any CPU.ActiveCfg = Debug|Any CPU
		{2804CFA5-CB0D-4181-91DF-61F42D199363}.Debug|Any CPU.Build.0 = Debug|Any CPU
		{2804CFA5-CB0D-4181-91DF-61F42D199363}.Release|Any CPU.ActiveCfg = Release|Any CPU
		{2804CFA5-CB0D-4181-91DF-61F42D199363}.Release|Any CPU.Build.0 = Release|Any CPU
		{2923DE1E-3624-42B4-BC39-8187427C6936}.Debug|Any CPU.ActiveCfg = Debug|Any CPU
		{2923DE1E-3624-42B4-BC39-8187427C6936}.Debug|Any CPU.Build.0 = Debug|Any CPU
		{2923DE1E-3624-42B4-BC39-8187427C6936}.Release|Any CPU.ActiveCfg = Release|Any CPU
		{2923DE1E-3624-42B4-BC39-8187427C6936}.Release|Any CPU.Build.0 = Release|Any CPU
		{0F2D5421-E9A0-46FF-89D7-29919EBA5564}.Debug|Any CPU.ActiveCfg = Debug|Any CPU
		{0F2D5421-E9A0-46FF-89D7-29919EBA5564}.Debug|Any CPU.Build.0 = Debug|Any CPU
		{0F2D5421-E9A0-46FF-89D7-29919EBA5564}.Release|Any CPU.ActiveCfg = Release|Any CPU
		{0F2D5421-E9A0-46FF-89D7-29919EBA5564}.Release|Any CPU.Build.0 = Release|Any CPU
		{87C58F79-00A7-453C-AB51-3BCF9AF187FC}.Debug|Any CPU.ActiveCfg = Debug|Any CPU
		{87C58F79-00A7-453C-AB51-3BCF9AF187FC}.Debug|Any CPU.Build.0 = Debug|Any CPU
		{87C58F79-00A7-453C-AB51-3BCF9AF187FC}.Release|Any CPU.ActiveCfg = Release|Any CPU
		{87C58F79-00A7-453C-AB51-3BCF9AF187FC}.Release|Any CPU.Build.0 = Release|Any CPU
		{E43B7867-B70F-4B27-A0ED-A3F6DF9F9829}.Debug|Any CPU.ActiveCfg = Debug|Any CPU
		{E43B7867-B70F-4B27-A0ED-A3F6DF9F9829}.Debug|Any CPU.Build.0 = Debug|Any CPU
		{E43B7867-B70F-4B27-A0ED-A3F6DF9F9829}.Release|Any CPU.ActiveCfg = Release|Any CPU
		{E43B7867-B70F-4B27-A0ED-A3F6DF9F9829}.Release|Any CPU.Build.0 = Release|Any CPU
		{93DE2231-CCD5-48CF-B598-FDE1A71EA32C}.Debug|Any CPU.ActiveCfg = Debug|Any CPU
		{93DE2231-CCD5-48CF-B598-FDE1A71EA32C}.Debug|Any CPU.Build.0 = Debug|Any CPU
		{93DE2231-CCD5-48CF-B598-FDE1A71EA32C}.Release|Any CPU.ActiveCfg = Release|Any CPU
		{93DE2231-CCD5-48CF-B598-FDE1A71EA32C}.Release|Any CPU.Build.0 = Release|Any CPU
		{06103380-6A49-4B8C-8947-4051E1EFD9A0}.Debug|Any CPU.ActiveCfg = Debug|Any CPU
		{06103380-6A49-4B8C-8947-4051E1EFD9A0}.Debug|Any CPU.Build.0 = Debug|Any CPU
		{06103380-6A49-4B8C-8947-4051E1EFD9A0}.Release|Any CPU.ActiveCfg = Release|Any CPU
		{06103380-6A49-4B8C-8947-4051E1EFD9A0}.Release|Any CPU.Build.0 = Release|Any CPU
		{AA7CD5EE-922E-43E5-A65A-6553E2984F11}.Debug|Any CPU.ActiveCfg = Debug|Any CPU
		{AA7CD5EE-922E-43E5-A65A-6553E2984F11}.Debug|Any CPU.Build.0 = Debug|Any CPU
		{AA7CD5EE-922E-43E5-A65A-6553E2984F11}.Release|Any CPU.ActiveCfg = Release|Any CPU
		{AA7CD5EE-922E-43E5-A65A-6553E2984F11}.Release|Any CPU.Build.0 = Release|Any CPU
		{93A65A3E-C23D-445D-84B0-F30BF3C01D82}.Debug|Any CPU.ActiveCfg = Debug|Any CPU
		{93A65A3E-C23D-445D-84B0-F30BF3C01D82}.Debug|Any CPU.Build.0 = Debug|Any CPU
		{93A65A3E-C23D-445D-84B0-F30BF3C01D82}.Release|Any CPU.ActiveCfg = Release|Any CPU
		{93A65A3E-C23D-445D-84B0-F30BF3C01D82}.Release|Any CPU.Build.0 = Release|Any CPU
		{D43D0E90-762E-462A-A87B-BF4F73FB3FF6}.Debug|Any CPU.ActiveCfg = Debug|Any CPU
		{D43D0E90-762E-462A-A87B-BF4F73FB3FF6}.Debug|Any CPU.Build.0 = Debug|Any CPU
		{D43D0E90-762E-462A-A87B-BF4F73FB3FF6}.Release|Any CPU.ActiveCfg = Release|Any CPU
		{D43D0E90-762E-462A-A87B-BF4F73FB3FF6}.Release|Any CPU.Build.0 = Release|Any CPU
		{088F58B7-6865-45FA-91CE-E97F226E75B3}.Debug|Any CPU.ActiveCfg = Debug|Any CPU
		{088F58B7-6865-45FA-91CE-E97F226E75B3}.Debug|Any CPU.Build.0 = Debug|Any CPU
		{088F58B7-6865-45FA-91CE-E97F226E75B3}.Release|Any CPU.ActiveCfg = Release|Any CPU
		{088F58B7-6865-45FA-91CE-E97F226E75B3}.Release|Any CPU.Build.0 = Release|Any CPU
		{9469751C-145D-4551-A97F-0E588503624A}.Debug|Any CPU.ActiveCfg = Debug|Any CPU
		{9469751C-145D-4551-A97F-0E588503624A}.Debug|Any CPU.Build.0 = Debug|Any CPU
		{9469751C-145D-4551-A97F-0E588503624A}.Release|Any CPU.ActiveCfg = Release|Any CPU
		{9469751C-145D-4551-A97F-0E588503624A}.Release|Any CPU.Build.0 = Release|Any CPU
		{6A3B53C7-C3AA-4CF4-AE2B-8D64DDE502D2}.Debug|Any CPU.ActiveCfg = Debug|Any CPU
		{6A3B53C7-C3AA-4CF4-AE2B-8D64DDE502D2}.Debug|Any CPU.Build.0 = Debug|Any CPU
		{6A3B53C7-C3AA-4CF4-AE2B-8D64DDE502D2}.Release|Any CPU.ActiveCfg = Release|Any CPU
		{6A3B53C7-C3AA-4CF4-AE2B-8D64DDE502D2}.Release|Any CPU.Build.0 = Release|Any CPU
		{E1EAC93E-A441-4625-B538-65A992DB0A13}.Debug|Any CPU.ActiveCfg = Debug|Any CPU
		{E1EAC93E-A441-4625-B538-65A992DB0A13}.Debug|Any CPU.Build.0 = Debug|Any CPU
		{E1EAC93E-A441-4625-B538-65A992DB0A13}.Release|Any CPU.ActiveCfg = Release|Any CPU
		{E1EAC93E-A441-4625-B538-65A992DB0A13}.Release|Any CPU.Build.0 = Release|Any CPU
		{F53F2AB4-CBFB-425D-ACC6-782F1352B092}.Debug|Any CPU.ActiveCfg = Debug|Any CPU
		{F53F2AB4-CBFB-425D-ACC6-782F1352B092}.Debug|Any CPU.Build.0 = Debug|Any CPU
		{F53F2AB4-CBFB-425D-ACC6-782F1352B092}.Release|Any CPU.ActiveCfg = Release|Any CPU
		{F53F2AB4-CBFB-425D-ACC6-782F1352B092}.Release|Any CPU.Build.0 = Release|Any CPU
		{17952A0E-3D06-408D-9E8B-34B8727C933C}.Debug|Any CPU.ActiveCfg = Debug|Any CPU
		{17952A0E-3D06-408D-9E8B-34B8727C933C}.Debug|Any CPU.Build.0 = Debug|Any CPU
		{17952A0E-3D06-408D-9E8B-34B8727C933C}.Release|Any CPU.ActiveCfg = Release|Any CPU
		{17952A0E-3D06-408D-9E8B-34B8727C933C}.Release|Any CPU.Build.0 = Release|Any CPU
		{E196637C-78CB-4907-A32D-4131DC234F1C}.Debug|Any CPU.ActiveCfg = Debug|Any CPU
		{E196637C-78CB-4907-A32D-4131DC234F1C}.Debug|Any CPU.Build.0 = Debug|Any CPU
		{E196637C-78CB-4907-A32D-4131DC234F1C}.Release|Any CPU.ActiveCfg = Release|Any CPU
		{E196637C-78CB-4907-A32D-4131DC234F1C}.Release|Any CPU.Build.0 = Release|Any CPU
		{70E4886C-BA9B-4A87-B0C0-8A929F1D28E6}.Debug|Any CPU.ActiveCfg = Debug|Any CPU
		{70E4886C-BA9B-4A87-B0C0-8A929F1D28E6}.Debug|Any CPU.Build.0 = Debug|Any CPU
		{70E4886C-BA9B-4A87-B0C0-8A929F1D28E6}.Release|Any CPU.ActiveCfg = Release|Any CPU
		{70E4886C-BA9B-4A87-B0C0-8A929F1D28E6}.Release|Any CPU.Build.0 = Release|Any CPU
		{70D5EB0A-A7A8-4166-9A00-F495655B9631}.Debug|Any CPU.ActiveCfg = Debug|Any CPU
		{70D5EB0A-A7A8-4166-9A00-F495655B9631}.Debug|Any CPU.Build.0 = Debug|Any CPU
		{70D5EB0A-A7A8-4166-9A00-F495655B9631}.Release|Any CPU.ActiveCfg = Release|Any CPU
		{70D5EB0A-A7A8-4166-9A00-F495655B9631}.Release|Any CPU.Build.0 = Release|Any CPU
		{212F0546-B952-4F10-AC9F-21230D467251}.Debug|Any CPU.ActiveCfg = Debug|Any CPU
		{212F0546-B952-4F10-AC9F-21230D467251}.Debug|Any CPU.Build.0 = Debug|Any CPU
		{212F0546-B952-4F10-AC9F-21230D467251}.Release|Any CPU.ActiveCfg = Release|Any CPU
		{212F0546-B952-4F10-AC9F-21230D467251}.Release|Any CPU.Build.0 = Release|Any CPU
		{3C850E60-1940-43A0-9727-A95F4C8E02D4}.Debug|Any CPU.ActiveCfg = Debug|Any CPU
		{3C850E60-1940-43A0-9727-A95F4C8E02D4}.Debug|Any CPU.Build.0 = Debug|Any CPU
		{3C850E60-1940-43A0-9727-A95F4C8E02D4}.Release|Any CPU.ActiveCfg = Release|Any CPU
		{3C850E60-1940-43A0-9727-A95F4C8E02D4}.Release|Any CPU.Build.0 = Release|Any CPU
		{58BA103D-ED7F-4186-89DF-AA8EAE81CC2D}.Debug|Any CPU.ActiveCfg = Debug|Any CPU
		{58BA103D-ED7F-4186-89DF-AA8EAE81CC2D}.Debug|Any CPU.Build.0 = Debug|Any CPU
		{58BA103D-ED7F-4186-89DF-AA8EAE81CC2D}.Release|Any CPU.ActiveCfg = Release|Any CPU
		{58BA103D-ED7F-4186-89DF-AA8EAE81CC2D}.Release|Any CPU.Build.0 = Release|Any CPU
		{D3082CC1-5E6D-4799-B6FB-89F35EBE9B24}.Debug|Any CPU.ActiveCfg = Debug|Any CPU
		{D3082CC1-5E6D-4799-B6FB-89F35EBE9B24}.Debug|Any CPU.Build.0 = Debug|Any CPU
		{D3082CC1-5E6D-4799-B6FB-89F35EBE9B24}.Release|Any CPU.ActiveCfg = Release|Any CPU
		{D3082CC1-5E6D-4799-B6FB-89F35EBE9B24}.Release|Any CPU.Build.0 = Release|Any CPU
		{033015AC-D5AA-4E4D-A29E-91D943261A9C}.Debug|Any CPU.ActiveCfg = Debug|Any CPU
		{033015AC-D5AA-4E4D-A29E-91D943261A9C}.Debug|Any CPU.Build.0 = Debug|Any CPU
		{033015AC-D5AA-4E4D-A29E-91D943261A9C}.Release|Any CPU.ActiveCfg = Release|Any CPU
		{033015AC-D5AA-4E4D-A29E-91D943261A9C}.Release|Any CPU.Build.0 = Release|Any CPU
	EndGlobalSection
	GlobalSection(SolutionProperties) = preSolution
		HideSolutionNode = FALSE
	EndGlobalSection
	GlobalSection(ExtensibilityGlobals) = postSolution
		SolutionGuid = {16A1278F-59A8-4579-AF5C-2C2B020BBC86}
	EndGlobalSection
EndGlobal
