
Microsoft Visual Studio Solution File, Format Version 12.00
# Visual Studio 14
VisualStudioVersion = 14.0.25420.1
MinimumVisualStudioVersion = 10.0.40219.1
Project("{2150E333-8FDC-42A3-9474-1A3956D46DE8}") = "test", "test", "{41AFD431-64FD-4734-ABAC-83A24FFF95BD}"
EndProject
Project("{FAE04EC0-301F-11D3-BF4B-00C04F79EFBC}") = "01链接SQLite数据库等", "01链接SQLite数据库等\01链接SQLite数据库等.csproj", "{40F39FCC-6FE7-40A7-B145-A4FC1EEC11C2}"
EndProject
Project("{FAE04EC0-301F-11D3-BF4B-00C04F79EFBC}") = "02链接数据库等", "02链接数据库等\02链接数据库等.csproj", "{C62F0A18-562A-4217-95AA-5E737D2CEA45}"
EndProject
Project("{FAE04EC0-301F-11D3-BF4B-00C04F79EFBC}") = "03连接池", "03连接池\03连接池.csproj", "{34F361FC-8793-4415-BA5A-EE392A5E46A8}"
EndProject
Project("{FAE04EC0-301F-11D3-BF4B-00C04F79EFBC}") = "04SqlConnectionStringBiulderDemo", "04SqlConnectionStringBiulderDemo\04SqlConnectionStringBiulderDemo.csproj", "{A5381291-71B3-488A-AF6D-6BB930B256C0}"
EndProject
Project("{FAE04EC0-301F-11D3-BF4B-00C04F79EFBC}") = "06ConfigDemo", "06ConfigDemo\06ConfigDemo.csproj", "{9564A177-8ECA-484B-BCF1-95153868A892}"
EndProject
Project("{FAE04EC0-301F-11D3-BF4B-00C04F79EFBC}") = "UserDemo", "UserDemo\UserDemo.csproj", "{72F26075-5EF2-4C36-92F0-F4AFD69960A5}"
EndProject
Project("{FAE04EC0-301F-11D3-BF4B-00C04F79EFBC}") = "07DataImport", "07DataImport\07DataImport.csproj", "{B4EBBB41-6AAF-40A9-A4F1-1F92F1BCEB4B}"
EndProject
Project("{FAE04EC0-301F-11D3-BF4B-00C04F79EFBC}") = "08SqlDataAdapter", "08SqlDataAdapter\08SqlDataAdapter.csproj", "{BEEB357C-3F8C-44B2-880B-1594899D9B31}"
EndProject
Project("{FAE04EC0-301F-11D3-BF4B-00C04F79EFBC}") = "SqlCommandBuiderCRUD", "SqlCommandBuiderCRUD\SqlCommandBuiderCRUD.csproj", "{4A34CD69-094A-41E2-95C8-4EB9C3BDE093}"
EndProject
Global
	GlobalSection(SolutionConfigurationPlatforms) = preSolution
		Debug|Any CPU = Debug|Any CPU
		Release|Any CPU = Release|Any CPU
	EndGlobalSection
	GlobalSection(ProjectConfigurationPlatforms) = postSolution
		{40F39FCC-6FE7-40A7-B145-A4FC1EEC11C2}.Debug|Any CPU.ActiveCfg = Debug|Any CPU
		{40F39FCC-6FE7-40A7-B145-A4FC1EEC11C2}.Debug|Any CPU.Build.0 = Debug|Any CPU
		{40F39FCC-6FE7-40A7-B145-A4FC1EEC11C2}.Release|Any CPU.ActiveCfg = Release|Any CPU
		{40F39FCC-6FE7-40A7-B145-A4FC1EEC11C2}.Release|Any CPU.Build.0 = Release|Any CPU
		{C62F0A18-562A-4217-95AA-5E737D2CEA45}.Debug|Any CPU.ActiveCfg = Debug|Any CPU
		{C62F0A18-562A-4217-95AA-5E737D2CEA45}.Debug|Any CPU.Build.0 = Debug|Any CPU
		{C62F0A18-562A-4217-95AA-5E737D2CEA45}.Release|Any CPU.ActiveCfg = Release|Any CPU
		{C62F0A18-562A-4217-95AA-5E737D2CEA45}.Release|Any CPU.Build.0 = Release|Any CPU
		{34F361FC-8793-4415-BA5A-EE392A5E46A8}.Debug|Any CPU.ActiveCfg = Debug|Any CPU
		{34F361FC-8793-4415-BA5A-EE392A5E46A8}.Debug|Any CPU.Build.0 = Debug|Any CPU
		{34F361FC-8793-4415-BA5A-EE392A5E46A8}.Release|Any CPU.ActiveCfg = Release|Any CPU
		{34F361FC-8793-4415-BA5A-EE392A5E46A8}.Release|Any CPU.Build.0 = Release|Any CPU
		{A5381291-71B3-488A-AF6D-6BB930B256C0}.Debug|Any CPU.ActiveCfg = Debug|Any CPU
		{A5381291-71B3-488A-AF6D-6BB930B256C0}.Debug|Any CPU.Build.0 = Debug|Any CPU
		{A5381291-71B3-488A-AF6D-6BB930B256C0}.Release|Any CPU.ActiveCfg = Release|Any CPU
		{A5381291-71B3-488A-AF6D-6BB930B256C0}.Release|Any CPU.Build.0 = Release|Any CPU
		{9564A177-8ECA-484B-BCF1-95153868A892}.Debug|Any CPU.ActiveCfg = Debug|Any CPU
		{9564A177-8ECA-484B-BCF1-95153868A892}.Debug|Any CPU.Build.0 = Debug|Any CPU
		{9564A177-8ECA-484B-BCF1-95153868A892}.Release|Any CPU.ActiveCfg = Release|Any CPU
		{9564A177-8ECA-484B-BCF1-95153868A892}.Release|Any CPU.Build.0 = Release|Any CPU
		{72F26075-5EF2-4C36-92F0-F4AFD69960A5}.Debug|Any CPU.ActiveCfg = Debug|Any CPU
		{72F26075-5EF2-4C36-92F0-F4AFD69960A5}.Debug|Any CPU.Build.0 = Debug|Any CPU
		{72F26075-5EF2-4C36-92F0-F4AFD69960A5}.Release|Any CPU.ActiveCfg = Release|Any CPU
		{72F26075-5EF2-4C36-92F0-F4AFD69960A5}.Release|Any CPU.Build.0 = Release|Any CPU
		{B4EBBB41-6AAF-40A9-A4F1-1F92F1BCEB4B}.Debug|Any CPU.ActiveCfg = Debug|Any CPU
		{B4EBBB41-6AAF-40A9-A4F1-1F92F1BCEB4B}.Debug|Any CPU.Build.0 = Debug|Any CPU
		{B4EBBB41-6AAF-40A9-A4F1-1F92F1BCEB4B}.Release|Any CPU.ActiveCfg = Release|Any CPU
		{B4EBBB41-6AAF-40A9-A4F1-1F92F1BCEB4B}.Release|Any CPU.Build.0 = Release|Any CPU
		{BEEB357C-3F8C-44B2-880B-1594899D9B31}.Debug|Any CPU.ActiveCfg = Debug|Any CPU
		{BEEB357C-3F8C-44B2-880B-1594899D9B31}.Debug|Any CPU.Build.0 = Debug|Any CPU
		{BEEB357C-3F8C-44B2-880B-1594899D9B31}.Release|Any CPU.ActiveCfg = Release|Any CPU
		{BEEB357C-3F8C-44B2-880B-1594899D9B31}.Release|Any CPU.Build.0 = Release|Any CPU
		{4A34CD69-094A-41E2-95C8-4EB9C3BDE093}.Debug|Any CPU.ActiveCfg = Debug|Any CPU
		{4A34CD69-094A-41E2-95C8-4EB9C3BDE093}.Debug|Any CPU.Build.0 = Debug|Any CPU
		{4A34CD69-094A-41E2-95C8-4EB9C3BDE093}.Release|Any CPU.ActiveCfg = Release|Any CPU
		{4A34CD69-094A-41E2-95C8-4EB9C3BDE093}.Release|Any CPU.Build.0 = Release|Any CPU
	EndGlobalSection
	GlobalSection(SolutionProperties) = preSolution
		HideSolutionNode = FALSE
	EndGlobalSection
	GlobalSection(NestedProjects) = preSolution
		{40F39FCC-6FE7-40A7-B145-A4FC1EEC11C2} = {41AFD431-64FD-4734-ABAC-83A24FFF95BD}
		{C62F0A18-562A-4217-95AA-5E737D2CEA45} = {41AFD431-64FD-4734-ABAC-83A24FFF95BD}
		{34F361FC-8793-4415-BA5A-EE392A5E46A8} = {41AFD431-64FD-4734-ABAC-83A24FFF95BD}
		{A5381291-71B3-488A-AF6D-6BB930B256C0} = {41AFD431-64FD-4734-ABAC-83A24FFF95BD}
		{9564A177-8ECA-484B-BCF1-95153868A892} = {41AFD431-64FD-4734-ABAC-83A24FFF95BD}
		{72F26075-5EF2-4C36-92F0-F4AFD69960A5} = {41AFD431-64FD-4734-ABAC-83A24FFF95BD}
		{B4EBBB41-6AAF-40A9-A4F1-1F92F1BCEB4B} = {41AFD431-64FD-4734-ABAC-83A24FFF95BD}
		{BEEB357C-3F8C-44B2-880B-1594899D9B31} = {41AFD431-64FD-4734-ABAC-83A24FFF95BD}
		{4A34CD69-094A-41E2-95C8-4EB9C3BDE093} = {41AFD431-64FD-4734-ABAC-83A24FFF95BD}
	EndGlobalSection
EndGlobal
